// !$*UTF8*$!
{
	archiveVersion = 1;
	classes = {
	};
	objectVersion = 54;
	objects = {

/* Begin PBXBuildFile section */
		2319554EBF820F448DCC673E /* Pods_Starter_StarterUITests.framework in Frameworks */ = {isa = PBXBuildFile; fileRef = 497D3B11D0377B2C90C45571 /* Pods_Starter_StarterUITests.framework */; };
		9E0256AC555A0F33C721E275 /* Pods_Starter.framework in Frameworks */ = {isa = PBXBuildFile; fileRef = AF280C85EC089A0E264732AA /* Pods_Starter.framework */; };
		AC7C823C88858A2B225B5BBA /* Pods_StarterTests.framework in Frameworks */ = {isa = PBXBuildFile; fileRef = A56355A4192CCCF7FFE76D9B /* Pods_StarterTests.framework */; };
		D2C224CC294295D500A65058 /* Localizable.strings in Resources */ = {isa = PBXBuildFile; fileRef = D2C224CE294295D500A65058 /* Localizable.strings */; };
		D2C224D1294295FB00A65058 /* Assets.xcassets in Resources */ = {isa = PBXBuildFile; fileRef = D2C224D0294295FB00A65058 /* Assets.xcassets */; };
		D2C224D32942961900A65058 /* Images.xcassets in Resources */ = {isa = PBXBuildFile; fileRef = D2C224D22942961900A65058 /* Images.xcassets */; };
		D2C224D52942962900A65058 /* Colors.xcassets in Resources */ = {isa = PBXBuildFile; fileRef = D2C224D42942962900A65058 /* Colors.xcassets */; };
		D2C224F12942967400A65058 /* World.swift in Sources */ = {isa = PBXBuildFile; fileRef = D2C224E22942967400A65058 /* World.swift */; };
		D2C224F22942967400A65058 /* Persistence.swift in Sources */ = {isa = PBXBuildFile; fileRef = D2C224E42942967400A65058 /* Persistence.swift */; };
		D2C224F32942967400A65058 /* SchemaV1.swift in Sources */ = {isa = PBXBuildFile; fileRef = D2C224E52942967400A65058 /* SchemaV1.swift */; };
		D2C224F42942967400A65058 /* APIServiceProtocol.swift in Sources */ = {isa = PBXBuildFile; fileRef = D2C224E72942967400A65058 /* APIServiceProtocol.swift */; };
		D2C224F52942967400A65058 /* Strings.swift in Sources */ = {isa = PBXBuildFile; fileRef = D2C224E92942967400A65058 /* Strings.swift */; };
		D2C224F62942967400A65058 /* Assets.swift in Sources */ = {isa = PBXBuildFile; fileRef = D2C224EA2942967400A65058 /* Assets.swift */; };
		D2C224F72942967400A65058 /* L10n.swift in Sources */ = {isa = PBXBuildFile; fileRef = D2C224EB2942967400A65058 /* L10n.swift */; };
		D2C224F82942967400A65058 /* Scenes.swift in Sources */ = {isa = PBXBuildFile; fileRef = D2C224EC2942967400A65058 /* Scenes.swift */; };
		D2C224F92942967400A65058 /* OSLog+App.swift in Sources */ = {isa = PBXBuildFile; fileRef = D2C224EE2942967400A65058 /* OSLog+App.swift */; };
		D2C224FA2942967400A65058 /* AppPaths.swift in Sources */ = {isa = PBXBuildFile; fileRef = D2C224F02942967400A65058 /* AppPaths.swift */; };
		D2C224FE2942970600A65058 /* AppFlowController.swift in Sources */ = {isa = PBXBuildFile; fileRef = D2C224FD2942970600A65058 /* AppFlowController.swift */; };
		D2C2251529429E3500A65058 /* FlowController.swift in Sources */ = {isa = PBXBuildFile; fileRef = D2C2251429429E3500A65058 /* FlowController.swift */; };
		D2C2251729429E8200A65058 /* FlowedViewController.swift in Sources */ = {isa = PBXBuildFile; fileRef = D2C2251629429E8200A65058 /* FlowedViewController.swift */; };
		D2C225192942A08100A65058 /* LaunchScreen.storyboard in Resources */ = {isa = PBXBuildFile; fileRef = D2C225182942A08100A65058 /* LaunchScreen.storyboard */; };
		D2C2251C2942A10300A65058 /* RepoListViewController.swift in Sources */ = {isa = PBXBuildFile; fileRef = D2C2251B2942A10300A65058 /* RepoListViewController.swift */; };
		D2C2251E2942A11400A65058 /* RepoList.storyboard in Resources */ = {isa = PBXBuildFile; fileRef = D2C2251D2942A11400A65058 /* RepoList.storyboard */; };
		D2C225202942A12A00A65058 /* RepoList.swift in Sources */ = {isa = PBXBuildFile; fileRef = D2C2251F2942A12A00A65058 /* RepoList.swift */; };
		D2C225222942A20200A65058 /* RepoListFlowController.swift in Sources */ = {isa = PBXBuildFile; fileRef = D2C225212942A20200A65058 /* RepoListFlowController.swift */; };
		D2D46CEB293E2DB00036A2CC /* AppDelegate.swift in Sources */ = {isa = PBXBuildFile; fileRef = D2D46CEA293E2DB00036A2CC /* AppDelegate.swift */; };
		D2D46CED293E2DB00036A2CC /* SceneDelegate.swift in Sources */ = {isa = PBXBuildFile; fileRef = D2D46CEC293E2DB00036A2CC /* SceneDelegate.swift */; };
		D2D46CEF293E2DB00036A2CC /* ViewController.swift in Sources */ = {isa = PBXBuildFile; fileRef = D2D46CEE293E2DB00036A2CC /* ViewController.swift */; };
		D2D46D02293E2DB30036A2CC /* StarterTests.swift in Sources */ = {isa = PBXBuildFile; fileRef = D2D46D01293E2DB30036A2CC /* StarterTests.swift */; };
		D2D46D0C293E2DB30036A2CC /* StarterUITests.swift in Sources */ = {isa = PBXBuildFile; fileRef = D2D46D0B293E2DB30036A2CC /* StarterUITests.swift */; };
		D2D46D0E293E2DB30036A2CC /* StarterUITestsLaunchTests.swift in Sources */ = {isa = PBXBuildFile; fileRef = D2D46D0D293E2DB30036A2CC /* StarterUITestsLaunchTests.swift */; };
/* End PBXBuildFile section */

/* Begin PBXContainerItemProxy section */
		D2D46CFE293E2DB30036A2CC /* PBXContainerItemProxy */ = {
			isa = PBXContainerItemProxy;
			containerPortal = D2D46CDF293E2DB00036A2CC /* Project object */;
			proxyType = 1;
			remoteGlobalIDString = D2D46CE6293E2DB00036A2CC;
			remoteInfo = Starter;
		};
		D2D46D08293E2DB30036A2CC /* PBXContainerItemProxy */ = {
			isa = PBXContainerItemProxy;
			containerPortal = D2D46CDF293E2DB00036A2CC /* Project object */;
			proxyType = 1;
			remoteGlobalIDString = D2D46CE6293E2DB00036A2CC;
			remoteInfo = Starter;
		};
/* End PBXContainerItemProxy section */

/* Begin PBXFileReference section */
		01E5DA6E7CAB23BFEC1E2F72 /* Pods-Starter-StarterUITests.release.xcconfig */ = {isa = PBXFileReference; includeInIndex = 1; lastKnownFileType = text.xcconfig; name = "Pods-Starter-StarterUITests.release.xcconfig"; path = "Target Support Files/Pods-Starter-StarterUITests/Pods-Starter-StarterUITests.release.xcconfig"; sourceTree = "<group>"; };
		127F022210ADE9893EA01888 /* Pods-Starter.release.xcconfig */ = {isa = PBXFileReference; includeInIndex = 1; lastKnownFileType = text.xcconfig; name = "Pods-Starter.release.xcconfig"; path = "Target Support Files/Pods-Starter/Pods-Starter.release.xcconfig"; sourceTree = "<group>"; };
		497D3B11D0377B2C90C45571 /* Pods_Starter_StarterUITests.framework */ = {isa = PBXFileReference; explicitFileType = wrapper.framework; includeInIndex = 0; path = Pods_Starter_StarterUITests.framework; sourceTree = BUILT_PRODUCTS_DIR; };
		567E18561A0BBBA01B13A42F /* Pods-StarterTests.debug.xcconfig */ = {isa = PBXFileReference; includeInIndex = 1; lastKnownFileType = text.xcconfig; name = "Pods-StarterTests.debug.xcconfig"; path = "Target Support Files/Pods-StarterTests/Pods-StarterTests.debug.xcconfig"; sourceTree = "<group>"; };
		975C0E4E9BCBD5981DB02B32 /* Pods-Starter.debug.xcconfig */ = {isa = PBXFileReference; includeInIndex = 1; lastKnownFileType = text.xcconfig; name = "Pods-Starter.debug.xcconfig"; path = "Target Support Files/Pods-Starter/Pods-Starter.debug.xcconfig"; sourceTree = "<group>"; };
		A0B5A8B5A07CAE489B05BDEE /* Pods-Starter-StarterUITests.debug.xcconfig */ = {isa = PBXFileReference; includeInIndex = 1; lastKnownFileType = text.xcconfig; name = "Pods-Starter-StarterUITests.debug.xcconfig"; path = "Target Support Files/Pods-Starter-StarterUITests/Pods-Starter-StarterUITests.debug.xcconfig"; sourceTree = "<group>"; };
		A56355A4192CCCF7FFE76D9B /* Pods_StarterTests.framework */ = {isa = PBXFileReference; explicitFileType = wrapper.framework; includeInIndex = 0; path = Pods_StarterTests.framework; sourceTree = BUILT_PRODUCTS_DIR; };
		AF280C85EC089A0E264732AA /* Pods_Starter.framework */ = {isa = PBXFileReference; explicitFileType = wrapper.framework; includeInIndex = 0; path = Pods_Starter.framework; sourceTree = BUILT_PRODUCTS_DIR; };
		D2C224CD294295D500A65058 /* fr */ = {isa = PBXFileReference; lastKnownFileType = text.plist.strings; name = fr; path = fr.lproj/Localizable.strings; sourceTree = "<group>"; };
		D2C224CF294295D800A65058 /* en */ = {isa = PBXFileReference; lastKnownFileType = text.plist.strings; name = en; path = en.lproj/Localizable.strings; sourceTree = "<group>"; };
		D2C224D0294295FB00A65058 /* Assets.xcassets */ = {isa = PBXFileReference; lastKnownFileType = folder.assetcatalog; path = Assets.xcassets; sourceTree = "<group>"; };
		D2C224D22942961900A65058 /* Images.xcassets */ = {isa = PBXFileReference; lastKnownFileType = folder.assetcatalog; path = Images.xcassets; sourceTree = "<group>"; };
		D2C224D42942962900A65058 /* Colors.xcassets */ = {isa = PBXFileReference; lastKnownFileType = folder.assetcatalog; path = Colors.xcassets; sourceTree = "<group>"; };
		D2C224E22942967400A65058 /* World.swift */ = {isa = PBXFileReference; fileEncoding = 4; lastKnownFileType = sourcecode.swift; path = World.swift; sourceTree = "<group>"; };
		D2C224E42942967400A65058 /* Persistence.swift */ = {isa = PBXFileReference; fileEncoding = 4; lastKnownFileType = sourcecode.swift; path = Persistence.swift; sourceTree = "<group>"; };
		D2C224E52942967400A65058 /* SchemaV1.swift */ = {isa = PBXFileReference; fileEncoding = 4; lastKnownFileType = sourcecode.swift; path = SchemaV1.swift; sourceTree = "<group>"; };
		D2C224E72942967400A65058 /* APIServiceProtocol.swift */ = {isa = PBXFileReference; fileEncoding = 4; lastKnownFileType = sourcecode.swift; path = APIServiceProtocol.swift; sourceTree = "<group>"; };
		D2C224E92942967400A65058 /* Strings.swift */ = {isa = PBXFileReference; fileEncoding = 4; lastKnownFileType = sourcecode.swift; path = Strings.swift; sourceTree = "<group>"; };
		D2C224EA2942967400A65058 /* Assets.swift */ = {isa = PBXFileReference; fileEncoding = 4; lastKnownFileType = sourcecode.swift; path = Assets.swift; sourceTree = "<group>"; };
		D2C224EB2942967400A65058 /* L10n.swift */ = {isa = PBXFileReference; fileEncoding = 4; lastKnownFileType = sourcecode.swift; path = L10n.swift; sourceTree = "<group>"; };
		D2C224EC2942967400A65058 /* Scenes.swift */ = {isa = PBXFileReference; fileEncoding = 4; lastKnownFileType = sourcecode.swift; path = Scenes.swift; sourceTree = "<group>"; };
		D2C224EE2942967400A65058 /* OSLog+App.swift */ = {isa = PBXFileReference; fileEncoding = 4; lastKnownFileType = sourcecode.swift; path = "OSLog+App.swift"; sourceTree = "<group>"; };
		D2C224F02942967400A65058 /* AppPaths.swift */ = {isa = PBXFileReference; fileEncoding = 4; lastKnownFileType = sourcecode.swift; path = AppPaths.swift; sourceTree = "<group>"; };
		D2C224FD2942970600A65058 /* AppFlowController.swift */ = {isa = PBXFileReference; lastKnownFileType = sourcecode.swift; path = AppFlowController.swift; sourceTree = "<group>"; };
		D2C2251429429E3500A65058 /* FlowController.swift */ = {isa = PBXFileReference; lastKnownFileType = sourcecode.swift; path = FlowController.swift; sourceTree = "<group>"; };
		D2C2251629429E8200A65058 /* FlowedViewController.swift */ = {isa = PBXFileReference; lastKnownFileType = sourcecode.swift; path = FlowedViewController.swift; sourceTree = "<group>"; };
		D2C225182942A08100A65058 /* LaunchScreen.storyboard */ = {isa = PBXFileReference; fileEncoding = 4; lastKnownFileType = file.storyboard; path = LaunchScreen.storyboard; sourceTree = "<group>"; };
		D2C2251B2942A10300A65058 /* RepoListViewController.swift */ = {isa = PBXFileReference; lastKnownFileType = sourcecode.swift; path = RepoListViewController.swift; sourceTree = "<group>"; };
		D2C2251D2942A11400A65058 /* RepoList.storyboard */ = {isa = PBXFileReference; lastKnownFileType = file.storyboard; path = RepoList.storyboard; sourceTree = "<group>"; };
		D2C2251F2942A12A00A65058 /* RepoList.swift */ = {isa = PBXFileReference; lastKnownFileType = sourcecode.swift; path = RepoList.swift; sourceTree = "<group>"; };
		D2C225212942A20200A65058 /* RepoListFlowController.swift */ = {isa = PBXFileReference; lastKnownFileType = sourcecode.swift; path = RepoListFlowController.swift; sourceTree = "<group>"; };
		D2D46CE7293E2DB00036A2CC /* Starter.app */ = {isa = PBXFileReference; explicitFileType = wrapper.application; includeInIndex = 0; path = Starter.app; sourceTree = BUILT_PRODUCTS_DIR; };
		D2D46CEA293E2DB00036A2CC /* AppDelegate.swift */ = {isa = PBXFileReference; lastKnownFileType = sourcecode.swift; path = AppDelegate.swift; sourceTree = "<group>"; };
		D2D46CEC293E2DB00036A2CC /* SceneDelegate.swift */ = {isa = PBXFileReference; lastKnownFileType = sourcecode.swift; path = SceneDelegate.swift; sourceTree = "<group>"; };
		D2D46CEE293E2DB00036A2CC /* ViewController.swift */ = {isa = PBXFileReference; lastKnownFileType = sourcecode.swift; path = ViewController.swift; sourceTree = "<group>"; };
		D2D46CF8293E2DB20036A2CC /* Info.plist */ = {isa = PBXFileReference; lastKnownFileType = text.plist.xml; path = Info.plist; sourceTree = "<group>"; };
		D2D46CFD293E2DB30036A2CC /* StarterTests.xctest */ = {isa = PBXFileReference; explicitFileType = wrapper.cfbundle; includeInIndex = 0; path = StarterTests.xctest; sourceTree = BUILT_PRODUCTS_DIR; };
		D2D46D01293E2DB30036A2CC /* StarterTests.swift */ = {isa = PBXFileReference; lastKnownFileType = sourcecode.swift; path = StarterTests.swift; sourceTree = "<group>"; };
		D2D46D07293E2DB30036A2CC /* StarterUITests.xctest */ = {isa = PBXFileReference; explicitFileType = wrapper.cfbundle; includeInIndex = 0; path = StarterUITests.xctest; sourceTree = BUILT_PRODUCTS_DIR; };
		D2D46D0B293E2DB30036A2CC /* StarterUITests.swift */ = {isa = PBXFileReference; lastKnownFileType = sourcecode.swift; path = StarterUITests.swift; sourceTree = "<group>"; };
		D2D46D0D293E2DB30036A2CC /* StarterUITestsLaunchTests.swift */ = {isa = PBXFileReference; lastKnownFileType = sourcecode.swift; path = StarterUITestsLaunchTests.swift; sourceTree = "<group>"; };
		F735AB58B834F8BB077366E3 /* Pods-StarterTests.release.xcconfig */ = {isa = PBXFileReference; includeInIndex = 1; lastKnownFileType = text.xcconfig; name = "Pods-StarterTests.release.xcconfig"; path = "Target Support Files/Pods-StarterTests/Pods-StarterTests.release.xcconfig"; sourceTree = "<group>"; };
/* End PBXFileReference section */

/* Begin PBXFrameworksBuildPhase section */
		D2D46CE4293E2DB00036A2CC /* Frameworks */ = {
			isa = PBXFrameworksBuildPhase;
			buildActionMask = 2147483647;
			files = (
				9E0256AC555A0F33C721E275 /* Pods_Starter.framework in Frameworks */,
			);
			runOnlyForDeploymentPostprocessing = 0;
		};
		D2D46CFA293E2DB30036A2CC /* Frameworks */ = {
			isa = PBXFrameworksBuildPhase;
			buildActionMask = 2147483647;
			files = (
				AC7C823C88858A2B225B5BBA /* Pods_StarterTests.framework in Frameworks */,
			);
			runOnlyForDeploymentPostprocessing = 0;
		};
		D2D46D04293E2DB30036A2CC /* Frameworks */ = {
			isa = PBXFrameworksBuildPhase;
			buildActionMask = 2147483647;
			files = (
				2319554EBF820F448DCC673E /* Pods_Starter_StarterUITests.framework in Frameworks */,
			);
			runOnlyForDeploymentPostprocessing = 0;
		};
/* End PBXFrameworksBuildPhase section */

/* Begin PBXGroup section */
		2FDF9F0FA227894C063F7651 /* Frameworks */ = {
			isa = PBXGroup;
			children = (
				AF280C85EC089A0E264732AA /* Pods_Starter.framework */,
				497D3B11D0377B2C90C45571 /* Pods_Starter_StarterUITests.framework */,
				A56355A4192CCCF7FFE76D9B /* Pods_StarterTests.framework */,
			);
			name = Frameworks;
			sourceTree = "<group>";
		};
		413D743B14F86E4E09770A43 /* Pods */ = {
			isa = PBXGroup;
			children = (
				975C0E4E9BCBD5981DB02B32 /* Pods-Starter.debug.xcconfig */,
				127F022210ADE9893EA01888 /* Pods-Starter.release.xcconfig */,
				A0B5A8B5A07CAE489B05BDEE /* Pods-Starter-StarterUITests.debug.xcconfig */,
				567E18561A0BBBA01B13A42F /* Pods-StarterTests.debug.xcconfig */,
				F735AB58B834F8BB077366E3 /* Pods-StarterTests.release.xcconfig */,
				01E5DA6E7CAB23BFEC1E2F72 /* Pods-Starter-StarterUITests.release.xcconfig */,
			);
			path = Pods;
			sourceTree = "<group>";
		};
		D2C224C92942958600A65058 /* Resources */ = {
			isa = PBXGroup;
			children = (
				D2C224D0294295FB00A65058 /* Assets.xcassets */,
				D2C224D42942962900A65058 /* Colors.xcassets */,
				D2C224D22942961900A65058 /* Images.xcassets */,
				D2C224CE294295D500A65058 /* Localizable.strings */,
			);
			path = Resources;
			sourceTree = "<group>";
		};
		D2C224E02942967400A65058 /* Services */ = {
			isa = PBXGroup;
			children = (
				D2C224E12942967400A65058 /* World */,
				D2C224E32942967400A65058 /* Persistence */,
				D2C224E62942967400A65058 /* API */,
			);
			path = Services;
			sourceTree = "<group>";
		};
		D2C224E12942967400A65058 /* World */ = {
			isa = PBXGroup;
			children = (
				D2C224E22942967400A65058 /* World.swift */,
			);
			path = World;
			sourceTree = "<group>";
		};
		D2C224E32942967400A65058 /* Persistence */ = {
			isa = PBXGroup;
			children = (
				D2C224E42942967400A65058 /* Persistence.swift */,
				D2C224E52942967400A65058 /* SchemaV1.swift */,
			);
			path = Persistence;
			sourceTree = "<group>";
		};
		D2C224E62942967400A65058 /* API */ = {
			isa = PBXGroup;
			children = (
				D2C224E72942967400A65058 /* APIServiceProtocol.swift */,
			);
			path = API;
			sourceTree = "<group>";
		};
		D2C224E82942967400A65058 /* Generated */ = {
			isa = PBXGroup;
			children = (
				D2C224E92942967400A65058 /* Strings.swift */,
				D2C224EA2942967400A65058 /* Assets.swift */,
				D2C224EB2942967400A65058 /* L10n.swift */,
				D2C224EC2942967400A65058 /* Scenes.swift */,
			);
			path = Generated;
			sourceTree = "<group>";
		};
		D2C224ED2942967400A65058 /* AppUtils */ = {
			isa = PBXGroup;
			children = (
				D2C2251329429E2100A65058 /* Flow */,
				D2C224EE2942967400A65058 /* OSLog+App.swift */,
			);
			path = AppUtils;
			sourceTree = "<group>";
		};
		D2C224EF2942967400A65058 /* Models */ = {
			isa = PBXGroup;
			children = (
				D2C224F02942967400A65058 /* AppPaths.swift */,
			);
			path = Models;
			sourceTree = "<group>";
		};
		D2C224FB294296B200A65058 /* Scenes */ = {
			isa = PBXGroup;
			children = (
				D2C224FC294296EE00A65058 /* App */,
				D2C2251A2942A0DB00A65058 /* Repos */,
			);
			path = Scenes;
			sourceTree = "<group>";
		};
		D2C224FC294296EE00A65058 /* App */ = {
			isa = PBXGroup;
			children = (
				D2C225182942A08100A65058 /* LaunchScreen.storyboard */,
				D2C224FD2942970600A65058 /* AppFlowController.swift */,
			);
			path = App;
			sourceTree = "<group>";
		};
		D2C2251329429E2100A65058 /* Flow */ = {
			isa = PBXGroup;
			children = (
				D2C2251429429E3500A65058 /* FlowController.swift */,
				D2C2251629429E8200A65058 /* FlowedViewController.swift */,
			);
			path = Flow;
			sourceTree = "<group>";
		};
		D2C2251A2942A0DB00A65058 /* Repos */ = {
			isa = PBXGroup;
			children = (
				D2C2251D2942A11400A65058 /* RepoList.storyboard */,
				D2C2251F2942A12A00A65058 /* RepoList.swift */,
				D2C225212942A20200A65058 /* RepoListFlowController.swift */,
				D2C2251B2942A10300A65058 /* RepoListViewController.swift */,
			);
			path = Repos;
			sourceTree = "<group>";
		};
		D2D46CDE293E2DB00036A2CC = {
			isa = PBXGroup;
			children = (
				D2D46CE9293E2DB00036A2CC /* Starter */,
				D2D46D00293E2DB30036A2CC /* StarterTests */,
				D2D46D0A293E2DB30036A2CC /* StarterUITests */,
				D2D46CE8293E2DB00036A2CC /* Products */,
				413D743B14F86E4E09770A43 /* Pods */,
				2FDF9F0FA227894C063F7651 /* Frameworks */,
			);
			sourceTree = "<group>";
		};
		D2D46CE8293E2DB00036A2CC /* Products */ = {
			isa = PBXGroup;
			children = (
				D2D46CE7293E2DB00036A2CC /* Starter.app */,
				D2D46CFD293E2DB30036A2CC /* StarterTests.xctest */,
				D2D46D07293E2DB30036A2CC /* StarterUITests.xctest */,
			);
			name = Products;
			sourceTree = "<group>";
		};
		D2D46CE9293E2DB00036A2CC /* Starter */ = {
			isa = PBXGroup;
			children = (
				D2D46CF8293E2DB20036A2CC /* Info.plist */,
				D2D46CEA293E2DB00036A2CC /* AppDelegate.swift */,
				D2D46CEC293E2DB00036A2CC /* SceneDelegate.swift */,
				D2D46CEE293E2DB00036A2CC /* ViewController.swift */,
				D2C224ED2942967400A65058 /* AppUtils */,
				D2C224E82942967400A65058 /* Generated */,
				D2C224EF2942967400A65058 /* Models */,
				D2C224C92942958600A65058 /* Resources */,
				D2C224FB294296B200A65058 /* Scenes */,
				D2C224E02942967400A65058 /* Services */,
			);
			path = Starter;
			sourceTree = "<group>";
		};
		D2D46D00293E2DB30036A2CC /* StarterTests */ = {
			isa = PBXGroup;
			children = (
				D2D46D01293E2DB30036A2CC /* StarterTests.swift */,
			);
			path = StarterTests;
			sourceTree = "<group>";
		};
		D2D46D0A293E2DB30036A2CC /* StarterUITests */ = {
			isa = PBXGroup;
			children = (
				D2D46D0B293E2DB30036A2CC /* StarterUITests.swift */,
				D2D46D0D293E2DB30036A2CC /* StarterUITestsLaunchTests.swift */,
			);
			path = StarterUITests;
			sourceTree = "<group>";
		};
/* End PBXGroup section */

/* Begin PBXNativeTarget section */
		D2D46CE6293E2DB00036A2CC /* Starter */ = {
			isa = PBXNativeTarget;
			buildConfigurationList = D2D46D11293E2DB30036A2CC /* Build configuration list for PBXNativeTarget "Starter" */;
			buildPhases = (
				FE2D5D938CC3FC5749BC4DDD /* [CP] Check Pods Manifest.lock */,
				D2D46D1E293E45200036A2CC /* SwiftGen Assets */,
				D2A0A06E2940E227007DDE43 /* SwiftGen Strings */,
				D2A0A06F2940E22E007DDE43 /* SwiftGen Storyboards */,
				D2D46D1D293E42020036A2CC /* SwiftLint */,
				D2D46CE3293E2DB00036A2CC /* Sources */,
				D2D46CE4293E2DB00036A2CC /* Frameworks */,
				D2D46CE5293E2DB00036A2CC /* Resources */,
				D94A0044DF79DEDDD62313FC /* [CP] Embed Pods Frameworks */,
			);
			buildRules = (
			);
			dependencies = (
			);
			name = Starter;
			productName = Starter;
			productReference = D2D46CE7293E2DB00036A2CC /* Starter.app */;
			productType = "com.apple.product-type.application";
		};
		D2D46CFC293E2DB30036A2CC /* StarterTests */ = {
			isa = PBXNativeTarget;
			buildConfigurationList = D2D46D14293E2DB30036A2CC /* Build configuration list for PBXNativeTarget "StarterTests" */;
			buildPhases = (
				ACAD91BDA59E0A2DD6C8E637 /* [CP] Check Pods Manifest.lock */,
				D2D46CF9293E2DB30036A2CC /* Sources */,
				D2D46CFA293E2DB30036A2CC /* Frameworks */,
				D2D46CFB293E2DB30036A2CC /* Resources */,
			);
			buildRules = (
			);
			dependencies = (
				D2D46CFF293E2DB30036A2CC /* PBXTargetDependency */,
			);
			name = StarterTests;
			productName = StarterTests;
			productReference = D2D46CFD293E2DB30036A2CC /* StarterTests.xctest */;
			productType = "com.apple.product-type.bundle.unit-test";
		};
		D2D46D06293E2DB30036A2CC /* StarterUITests */ = {
			isa = PBXNativeTarget;
			buildConfigurationList = D2D46D17293E2DB30036A2CC /* Build configuration list for PBXNativeTarget "StarterUITests" */;
			buildPhases = (
				5B64B559C471665E7C7B9019 /* [CP] Check Pods Manifest.lock */,
				D2D46D03293E2DB30036A2CC /* Sources */,
				D2D46D04293E2DB30036A2CC /* Frameworks */,
				D2D46D05293E2DB30036A2CC /* Resources */,
				740604763F93BB89D351B772 /* [CP] Embed Pods Frameworks */,
			);
			buildRules = (
			);
			dependencies = (
				D2D46D09293E2DB30036A2CC /* PBXTargetDependency */,
			);
			name = StarterUITests;
			productName = StarterUITests;
			productReference = D2D46D07293E2DB30036A2CC /* StarterUITests.xctest */;
			productType = "com.apple.product-type.bundle.ui-testing";
		};
/* End PBXNativeTarget section */

/* Begin PBXProject section */
		D2D46CDF293E2DB00036A2CC /* Project object */ = {
			isa = PBXProject;
			attributes = {
				BuildIndependentTargetsInParallel = 1;
				LastSwiftUpdateCheck = 1410;
				LastUpgradeCheck = 1410;
				TargetAttributes = {
					D2D46CE6293E2DB00036A2CC = {
						CreatedOnToolsVersion = 14.1;
					};
					D2D46CFC293E2DB30036A2CC = {
						CreatedOnToolsVersion = 14.1;
						TestTargetID = D2D46CE6293E2DB00036A2CC;
					};
					D2D46D06293E2DB30036A2CC = {
						CreatedOnToolsVersion = 14.1;
						TestTargetID = D2D46CE6293E2DB00036A2CC;
					};
				};
			};
			buildConfigurationList = D2D46CE2293E2DB00036A2CC /* Build configuration list for PBXProject "Starter" */;
			compatibilityVersion = "Xcode 9.3";
			developmentRegion = fr;
			hasScannedForEncodings = 0;
			knownRegions = (
				en,
				fr,
			);
			mainGroup = D2D46CDE293E2DB00036A2CC;
			productRefGroup = D2D46CE8293E2DB00036A2CC /* Products */;
			projectDirPath = "";
			projectRoot = "";
			targets = (
				D2D46CE6293E2DB00036A2CC /* Starter */,
				D2D46CFC293E2DB30036A2CC /* StarterTests */,
				D2D46D06293E2DB30036A2CC /* StarterUITests */,
			);
		};
/* End PBXProject section */

/* Begin PBXResourcesBuildPhase section */
		D2D46CE5293E2DB00036A2CC /* Resources */ = {
			isa = PBXResourcesBuildPhase;
			buildActionMask = 2147483647;
			files = (
				D2C224D32942961900A65058 /* Images.xcassets in Resources */,
				D2C224D52942962900A65058 /* Colors.xcassets in Resources */,
				D2C224D1294295FB00A65058 /* Assets.xcassets in Resources */,
				D2C225192942A08100A65058 /* LaunchScreen.storyboard in Resources */,
				D2C2251E2942A11400A65058 /* RepoList.storyboard in Resources */,
				D2C224CC294295D500A65058 /* Localizable.strings in Resources */,
			);
			runOnlyForDeploymentPostprocessing = 0;
		};
		D2D46CFB293E2DB30036A2CC /* Resources */ = {
			isa = PBXResourcesBuildPhase;
			buildActionMask = 2147483647;
			files = (
			);
			runOnlyForDeploymentPostprocessing = 0;
		};
		D2D46D05293E2DB30036A2CC /* Resources */ = {
			isa = PBXResourcesBuildPhase;
			buildActionMask = 2147483647;
			files = (
			);
			runOnlyForDeploymentPostprocessing = 0;
		};
/* End PBXResourcesBuildPhase section */

/* Begin PBXShellScriptBuildPhase section */
		5B64B559C471665E7C7B9019 /* [CP] Check Pods Manifest.lock */ = {
			isa = PBXShellScriptBuildPhase;
			buildActionMask = 2147483647;
			files = (
			);
			inputFileListPaths = (
			);
			inputPaths = (
				"${PODS_PODFILE_DIR_PATH}/Podfile.lock",
				"${PODS_ROOT}/Manifest.lock",
			);
			name = "[CP] Check Pods Manifest.lock";
			outputFileListPaths = (
			);
			outputPaths = (
				"$(DERIVED_FILE_DIR)/Pods-Starter-StarterUITests-checkManifestLockResult.txt",
			);
			runOnlyForDeploymentPostprocessing = 0;
			shellPath = /bin/sh;
			shellScript = "diff \"${PODS_PODFILE_DIR_PATH}/Podfile.lock\" \"${PODS_ROOT}/Manifest.lock\" > /dev/null\nif [ $? != 0 ] ; then\n    # print error to STDERR\n    echo \"error: The sandbox is not in sync with the Podfile.lock. Run 'pod install' or update your CocoaPods installation.\" >&2\n    exit 1\nfi\n# This output is used by Xcode 'outputs' to avoid re-running this script phase.\necho \"SUCCESS\" > \"${SCRIPT_OUTPUT_FILE_0}\"\n";
			showEnvVarsInLog = 0;
		};
		740604763F93BB89D351B772 /* [CP] Embed Pods Frameworks */ = {
			isa = PBXShellScriptBuildPhase;
			buildActionMask = 2147483647;
			files = (
			);
			inputFileListPaths = (
				"${PODS_ROOT}/Target Support Files/Pods-Starter-StarterUITests/Pods-Starter-StarterUITests-frameworks-${CONFIGURATION}-input-files.xcfilelist",
			);
			name = "[CP] Embed Pods Frameworks";
			outputFileListPaths = (
				"${PODS_ROOT}/Target Support Files/Pods-Starter-StarterUITests/Pods-Starter-StarterUITests-frameworks-${CONFIGURATION}-output-files.xcfilelist",
			);
			runOnlyForDeploymentPostprocessing = 0;
			shellPath = /bin/sh;
			shellScript = "\"${PODS_ROOT}/Target Support Files/Pods-Starter-StarterUITests/Pods-Starter-StarterUITests-frameworks.sh\"\n";
			showEnvVarsInLog = 0;
		};
		ACAD91BDA59E0A2DD6C8E637 /* [CP] Check Pods Manifest.lock */ = {
			isa = PBXShellScriptBuildPhase;
			buildActionMask = 2147483647;
			files = (
			);
			inputFileListPaths = (
			);
			inputPaths = (
				"${PODS_PODFILE_DIR_PATH}/Podfile.lock",
				"${PODS_ROOT}/Manifest.lock",
			);
			name = "[CP] Check Pods Manifest.lock";
			outputFileListPaths = (
			);
			outputPaths = (
				"$(DERIVED_FILE_DIR)/Pods-StarterTests-checkManifestLockResult.txt",
			);
			runOnlyForDeploymentPostprocessing = 0;
			shellPath = /bin/sh;
			shellScript = "diff \"${PODS_PODFILE_DIR_PATH}/Podfile.lock\" \"${PODS_ROOT}/Manifest.lock\" > /dev/null\nif [ $? != 0 ] ; then\n    # print error to STDERR\n    echo \"error: The sandbox is not in sync with the Podfile.lock. Run 'pod install' or update your CocoaPods installation.\" >&2\n    exit 1\nfi\n# This output is used by Xcode 'outputs' to avoid re-running this script phase.\necho \"SUCCESS\" > \"${SCRIPT_OUTPUT_FILE_0}\"\n";
			showEnvVarsInLog = 0;
		};
		D2A0A06E2940E227007DDE43 /* SwiftGen Strings */ = {
			isa = PBXShellScriptBuildPhase;
			alwaysOutOfDate = 1;
			buildActionMask = 2147483647;
			files = (
			);
			inputFileListPaths = (
			);
			inputPaths = (
			);
			name = "SwiftGen Strings";
			outputFileListPaths = (
			);
			outputPaths = (
			);
			runOnlyForDeploymentPostprocessing = 0;
			shellPath = /bin/sh;
			shellScript = "${PODS_ROOT}/SwiftGen/bin/swiftgen config run --config ${SOURCE_ROOT}/Tools/Configs/swiftgen-strings.yml\n";
			showEnvVarsInLog = 0;
		};
		D2A0A06F2940E22E007DDE43 /* SwiftGen Storyboards */ = {
			isa = PBXShellScriptBuildPhase;
			alwaysOutOfDate = 1;
			buildActionMask = 2147483647;
			files = (
			);
			inputFileListPaths = (
			);
			inputPaths = (
			);
			name = "SwiftGen Storyboards";
			outputFileListPaths = (
			);
			outputPaths = (
			);
			runOnlyForDeploymentPostprocessing = 0;
			shellPath = /bin/sh;
			shellScript = "${PODS_ROOT}/SwiftGen/bin/swiftgen config run --config ${SOURCE_ROOT}/Tools/Configs/swiftgen-storyboards.yml\n";
			showEnvVarsInLog = 0;
		};
		D2D46D1D293E42020036A2CC /* SwiftLint */ = {
			isa = PBXShellScriptBuildPhase;
			alwaysOutOfDate = 1;
			buildActionMask = 2147483647;
			files = (
			);
			inputFileListPaths = (
			);
			inputPaths = (
			);
			name = SwiftLint;
			outputFileListPaths = (
			);
			outputPaths = (
			);
			runOnlyForDeploymentPostprocessing = 0;
			shellPath = /bin/sh;
			shellScript = "./Tools/Scripts/swiftlint.sh\n";
			showEnvVarsInLog = 0;
		};
		D2D46D1E293E45200036A2CC /* SwiftGen Assets */ = {
			isa = PBXShellScriptBuildPhase;
			alwaysOutOfDate = 1;
			buildActionMask = 2147483647;
			files = (
			);
			inputFileListPaths = (
				"",
			);
			inputPaths = (
			);
			name = "SwiftGen Assets";
			outputFileListPaths = (
				"",
			);
			outputPaths = (
				"$(SRCROOT)/Starter/Generated/Assets.swift",
				"$(SRCROOT)/Starter/Generated/Strings.swift",
			);
			runOnlyForDeploymentPostprocessing = 0;
			shellPath = /bin/sh;
			shellScript = "${PODS_ROOT}/SwiftGen/bin/swiftgen config run --config ${SOURCE_ROOT}/Tools/Configs/swiftgen-assets.yml\n";
			showEnvVarsInLog = 0;
		};
		D94A0044DF79DEDDD62313FC /* [CP] Embed Pods Frameworks */ = {
			isa = PBXShellScriptBuildPhase;
			buildActionMask = 2147483647;
			files = (
			);
			inputFileListPaths = (
				"${PODS_ROOT}/Target Support Files/Pods-Starter/Pods-Starter-frameworks-${CONFIGURATION}-input-files.xcfilelist",
			);
			name = "[CP] Embed Pods Frameworks";
			outputFileListPaths = (
				"${PODS_ROOT}/Target Support Files/Pods-Starter/Pods-Starter-frameworks-${CONFIGURATION}-output-files.xcfilelist",
			);
			runOnlyForDeploymentPostprocessing = 0;
			shellPath = /bin/sh;
			shellScript = "\"${PODS_ROOT}/Target Support Files/Pods-Starter/Pods-Starter-frameworks.sh\"\n";
			showEnvVarsInLog = 0;
		};
		FE2D5D938CC3FC5749BC4DDD /* [CP] Check Pods Manifest.lock */ = {
			isa = PBXShellScriptBuildPhase;
			buildActionMask = 2147483647;
			files = (
			);
			inputFileListPaths = (
			);
			inputPaths = (
				"${PODS_PODFILE_DIR_PATH}/Podfile.lock",
				"${PODS_ROOT}/Manifest.lock",
			);
			name = "[CP] Check Pods Manifest.lock";
			outputFileListPaths = (
			);
			outputPaths = (
				"$(DERIVED_FILE_DIR)/Pods-Starter-checkManifestLockResult.txt",
			);
			runOnlyForDeploymentPostprocessing = 0;
			shellPath = /bin/sh;
			shellScript = "diff \"${PODS_PODFILE_DIR_PATH}/Podfile.lock\" \"${PODS_ROOT}/Manifest.lock\" > /dev/null\nif [ $? != 0 ] ; then\n    # print error to STDERR\n    echo \"error: The sandbox is not in sync with the Podfile.lock. Run 'pod install' or update your CocoaPods installation.\" >&2\n    exit 1\nfi\n# This output is used by Xcode 'outputs' to avoid re-running this script phase.\necho \"SUCCESS\" > \"${SCRIPT_OUTPUT_FILE_0}\"\n";
			showEnvVarsInLog = 0;
		};
/* End PBXShellScriptBuildPhase section */

/* Begin PBXSourcesBuildPhase section */
		D2D46CE3293E2DB00036A2CC /* Sources */ = {
			isa = PBXSourcesBuildPhase;
			buildActionMask = 2147483647;
			files = (
				D2D46CEF293E2DB00036A2CC /* ViewController.swift in Sources */,
				D2C225202942A12A00A65058 /* RepoList.swift in Sources */,
				D2C224F42942967400A65058 /* APIServiceProtocol.swift in Sources */,
				D2C225222942A20200A65058 /* RepoListFlowController.swift in Sources */,
				D2C224F82942967400A65058 /* Scenes.swift in Sources */,
				D2C224FE2942970600A65058 /* AppFlowController.swift in Sources */,
				D2C224F52942967400A65058 /* Strings.swift in Sources */,
				D2C2251729429E8200A65058 /* FlowedViewController.swift in Sources */,
				D2D46CEB293E2DB00036A2CC /* AppDelegate.swift in Sources */,
				D2C224F72942967400A65058 /* L10n.swift in Sources */,
				D2C224F12942967400A65058 /* World.swift in Sources */,
				D2C2251529429E3500A65058 /* FlowController.swift in Sources */,
				D2C224F32942967400A65058 /* SchemaV1.swift in Sources */,
				D2C224FA2942967400A65058 /* AppPaths.swift in Sources */,
				D2D46CED293E2DB00036A2CC /* SceneDelegate.swift in Sources */,
				D2C2251C2942A10300A65058 /* RepoListViewController.swift in Sources */,
				D2C224F22942967400A65058 /* Persistence.swift in Sources */,
				D2C224F92942967400A65058 /* OSLog+App.swift in Sources */,
				D2C224F62942967400A65058 /* Assets.swift in Sources */,
			);
			runOnlyForDeploymentPostprocessing = 0;
		};
		D2D46CF9293E2DB30036A2CC /* Sources */ = {
			isa = PBXSourcesBuildPhase;
			buildActionMask = 2147483647;
			files = (
				D2D46D02293E2DB30036A2CC /* StarterTests.swift in Sources */,
			);
			runOnlyForDeploymentPostprocessing = 0;
		};
		D2D46D03293E2DB30036A2CC /* Sources */ = {
			isa = PBXSourcesBuildPhase;
			buildActionMask = 2147483647;
			files = (
				D2D46D0E293E2DB30036A2CC /* StarterUITestsLaunchTests.swift in Sources */,
				D2D46D0C293E2DB30036A2CC /* StarterUITests.swift in Sources */,
			);
			runOnlyForDeploymentPostprocessing = 0;
		};
/* End PBXSourcesBuildPhase section */

/* Begin PBXTargetDependency section */
		D2D46CFF293E2DB30036A2CC /* PBXTargetDependency */ = {
			isa = PBXTargetDependency;
			target = D2D46CE6293E2DB00036A2CC /* Starter */;
			targetProxy = D2D46CFE293E2DB30036A2CC /* PBXContainerItemProxy */;
		};
		D2D46D09293E2DB30036A2CC /* PBXTargetDependency */ = {
			isa = PBXTargetDependency;
			target = D2D46CE6293E2DB00036A2CC /* Starter */;
			targetProxy = D2D46D08293E2DB30036A2CC /* PBXContainerItemProxy */;
		};
/* End PBXTargetDependency section */

/* Begin PBXVariantGroup section */
		D2C224CE294295D500A65058 /* Localizable.strings */ = {
			isa = PBXVariantGroup;
			children = (
				D2C224CD294295D500A65058 /* fr */,
				D2C224CF294295D800A65058 /* en */,
			);
			name = Localizable.strings;
			sourceTree = "<group>";
		};
/* End PBXVariantGroup section */

/* Begin XCBuildConfiguration section */
		D2D46D0F293E2DB30036A2CC /* Debug */ = {
			isa = XCBuildConfiguration;
			buildSettings = {
				ALWAYS_SEARCH_USER_PATHS = NO;
				CLANG_ANALYZER_LOCALIZABILITY_NONLOCALIZED = YES;
				CLANG_ANALYZER_NONNULL = YES;
				CLANG_ANALYZER_NUMBER_OBJECT_CONVERSION = YES_AGGRESSIVE;
				CLANG_CXX_LANGUAGE_STANDARD = "gnu++20";
				CLANG_ENABLE_MODULES = YES;
				CLANG_ENABLE_OBJC_ARC = YES;
				CLANG_ENABLE_OBJC_WEAK = YES;
				CLANG_WARN_BLOCK_CAPTURE_AUTORELEASING = YES;
				CLANG_WARN_BOOL_CONVERSION = YES;
				CLANG_WARN_COMMA = YES;
				CLANG_WARN_CONSTANT_CONVERSION = YES;
				CLANG_WARN_DEPRECATED_OBJC_IMPLEMENTATIONS = YES;
				CLANG_WARN_DIRECT_OBJC_ISA_USAGE = YES_ERROR;
				CLANG_WARN_DOCUMENTATION_COMMENTS = YES;
				CLANG_WARN_EMPTY_BODY = YES;
				CLANG_WARN_ENUM_CONVERSION = YES;
				CLANG_WARN_INFINITE_RECURSION = YES;
				CLANG_WARN_INT_CONVERSION = YES;
				CLANG_WARN_NON_LITERAL_NULL_CONVERSION = YES;
				CLANG_WARN_OBJC_IMPLICIT_RETAIN_SELF = YES;
				CLANG_WARN_OBJC_LITERAL_CONVERSION = YES;
				CLANG_WARN_OBJC_ROOT_CLASS = YES_ERROR;
				CLANG_WARN_QUOTED_INCLUDE_IN_FRAMEWORK_HEADER = YES;
				CLANG_WARN_RANGE_LOOP_ANALYSIS = YES;
				CLANG_WARN_STRICT_PROTOTYPES = YES;
				CLANG_WARN_SUSPICIOUS_MOVE = YES;
				CLANG_WARN_UNGUARDED_AVAILABILITY = YES_AGGRESSIVE;
				CLANG_WARN_UNREACHABLE_CODE = YES;
				CLANG_WARN__DUPLICATE_METHOD_MATCH = YES;
				COPY_PHASE_STRIP = NO;
				DEBUG_INFORMATION_FORMAT = dwarf;
				ENABLE_STRICT_OBJC_MSGSEND = YES;
				ENABLE_TESTABILITY = YES;
				GCC_C_LANGUAGE_STANDARD = gnu11;
				GCC_DYNAMIC_NO_PIC = NO;
				GCC_NO_COMMON_BLOCKS = YES;
				GCC_OPTIMIZATION_LEVEL = 0;
				GCC_PREPROCESSOR_DEFINITIONS = (
					"DEBUG=1",
					"$(inherited)",
				);
				GCC_WARN_64_TO_32_BIT_CONVERSION = YES;
				GCC_WARN_ABOUT_RETURN_TYPE = YES_ERROR;
				GCC_WARN_UNDECLARED_SELECTOR = YES;
				GCC_WARN_UNINITIALIZED_AUTOS = YES_AGGRESSIVE;
				GCC_WARN_UNUSED_FUNCTION = YES;
				GCC_WARN_UNUSED_VARIABLE = YES;
				IPHONEOS_DEPLOYMENT_TARGET = 15.0;
				MTL_ENABLE_DEBUG_INFO = INCLUDE_SOURCE;
				MTL_FAST_MATH = YES;
				ONLY_ACTIVE_ARCH = YES;
				SDKROOT = iphoneos;
				SWIFT_ACTIVE_COMPILATION_CONDITIONS = DEBUG;
				SWIFT_OPTIMIZATION_LEVEL = "-Onone";
			};
			name = Debug;
		};
		D2D46D10293E2DB30036A2CC /* Release */ = {
			isa = XCBuildConfiguration;
			buildSettings = {
				ALWAYS_SEARCH_USER_PATHS = NO;
				CLANG_ANALYZER_LOCALIZABILITY_NONLOCALIZED = YES;
				CLANG_ANALYZER_NONNULL = YES;
				CLANG_ANALYZER_NUMBER_OBJECT_CONVERSION = YES_AGGRESSIVE;
				CLANG_CXX_LANGUAGE_STANDARD = "gnu++20";
				CLANG_ENABLE_MODULES = YES;
				CLANG_ENABLE_OBJC_ARC = YES;
				CLANG_ENABLE_OBJC_WEAK = YES;
				CLANG_WARN_BLOCK_CAPTURE_AUTORELEASING = YES;
				CLANG_WARN_BOOL_CONVERSION = YES;
				CLANG_WARN_COMMA = YES;
				CLANG_WARN_CONSTANT_CONVERSION = YES;
				CLANG_WARN_DEPRECATED_OBJC_IMPLEMENTATIONS = YES;
				CLANG_WARN_DIRECT_OBJC_ISA_USAGE = YES_ERROR;
				CLANG_WARN_DOCUMENTATION_COMMENTS = YES;
				CLANG_WARN_EMPTY_BODY = YES;
				CLANG_WARN_ENUM_CONVERSION = YES;
				CLANG_WARN_INFINITE_RECURSION = YES;
				CLANG_WARN_INT_CONVERSION = YES;
				CLANG_WARN_NON_LITERAL_NULL_CONVERSION = YES;
				CLANG_WARN_OBJC_IMPLICIT_RETAIN_SELF = YES;
				CLANG_WARN_OBJC_LITERAL_CONVERSION = YES;
				CLANG_WARN_OBJC_ROOT_CLASS = YES_ERROR;
				CLANG_WARN_QUOTED_INCLUDE_IN_FRAMEWORK_HEADER = YES;
				CLANG_WARN_RANGE_LOOP_ANALYSIS = YES;
				CLANG_WARN_STRICT_PROTOTYPES = YES;
				CLANG_WARN_SUSPICIOUS_MOVE = YES;
				CLANG_WARN_UNGUARDED_AVAILABILITY = YES_AGGRESSIVE;
				CLANG_WARN_UNREACHABLE_CODE = YES;
				CLANG_WARN__DUPLICATE_METHOD_MATCH = YES;
				COPY_PHASE_STRIP = NO;
				DEBUG_INFORMATION_FORMAT = "dwarf-with-dsym";
				ENABLE_NS_ASSERTIONS = NO;
				ENABLE_STRICT_OBJC_MSGSEND = YES;
				GCC_C_LANGUAGE_STANDARD = gnu11;
				GCC_NO_COMMON_BLOCKS = YES;
				GCC_WARN_64_TO_32_BIT_CONVERSION = YES;
				GCC_WARN_ABOUT_RETURN_TYPE = YES_ERROR;
				GCC_WARN_UNDECLARED_SELECTOR = YES;
				GCC_WARN_UNINITIALIZED_AUTOS = YES_AGGRESSIVE;
				GCC_WARN_UNUSED_FUNCTION = YES;
				GCC_WARN_UNUSED_VARIABLE = YES;
				IPHONEOS_DEPLOYMENT_TARGET = 15.0;
				MTL_ENABLE_DEBUG_INFO = NO;
				MTL_FAST_MATH = YES;
				SDKROOT = iphoneos;
				SWIFT_COMPILATION_MODE = wholemodule;
				SWIFT_OPTIMIZATION_LEVEL = "-O";
				VALIDATE_PRODUCT = YES;
			};
			name = Release;
		};
		D2D46D12293E2DB30036A2CC /* Debug */ = {
			isa = XCBuildConfiguration;
			baseConfigurationReference = 975C0E4E9BCBD5981DB02B32 /* Pods-Starter.debug.xcconfig */;
			buildSettings = {
				ASSETCATALOG_COMPILER_APPICON_NAME = AppIcon;
				ASSETCATALOG_COMPILER_GLOBAL_ACCENT_COLOR_NAME = AccentColor;
				CODE_SIGN_STYLE = Automatic;
				CURRENT_PROJECT_VERSION = 1;
				GENERATE_INFOPLIST_FILE = YES;
				INFOPLIST_FILE = Starter/Info.plist;
				INFOPLIST_KEY_UIApplicationSupportsIndirectInputEvents = YES;
				INFOPLIST_KEY_UILaunchStoryboardName = LaunchScreen;
				INFOPLIST_KEY_UIMainStoryboardFile = "";
				INFOPLIST_KEY_UISupportedInterfaceOrientations = UIInterfaceOrientationPortrait;
				INFOPLIST_KEY_UISupportedInterfaceOrientations_iPad = "UIInterfaceOrientationLandscapeLeft UIInterfaceOrientationLandscapeRight UIInterfaceOrientationPortrait UIInterfaceOrientationPortraitUpsideDown";
				IPHONEOS_DEPLOYMENT_TARGET = 15.0;
				LD_RUNPATH_SEARCH_PATHS = (
					"$(inherited)",
					"@executable_path/Frameworks",
				);
				MARKETING_VERSION = 1.0;
				PRODUCT_BUNDLE_IDENTIFIER = com.entretien.Starter;
				PRODUCT_NAME = "$(TARGET_NAME)";
				SWIFT_EMIT_LOC_STRINGS = YES;
				SWIFT_VERSION = 5.0;
				TARGETED_DEVICE_FAMILY = "1,2";
			};
			name = Debug;
		};
		D2D46D13293E2DB30036A2CC /* Release */ = {
			isa = XCBuildConfiguration;
			baseConfigurationReference = 127F022210ADE9893EA01888 /* Pods-Starter.release.xcconfig */;
			buildSettings = {
				ASSETCATALOG_COMPILER_APPICON_NAME = AppIcon;
				ASSETCATALOG_COMPILER_GLOBAL_ACCENT_COLOR_NAME = AccentColor;
				CODE_SIGN_STYLE = Automatic;
				CURRENT_PROJECT_VERSION = 1;
				GENERATE_INFOPLIST_FILE = YES;
				INFOPLIST_FILE = Starter/Info.plist;
				INFOPLIST_KEY_UIApplicationSupportsIndirectInputEvents = YES;
				INFOPLIST_KEY_UILaunchStoryboardName = LaunchScreen;
				INFOPLIST_KEY_UIMainStoryboardFile = "";
				INFOPLIST_KEY_UISupportedInterfaceOrientations = UIInterfaceOrientationPortrait;
				INFOPLIST_KEY_UISupportedInterfaceOrientations_iPad = "UIInterfaceOrientationLandscapeLeft UIInterfaceOrientationLandscapeRight UIInterfaceOrientationPortrait UIInterfaceOrientationPortraitUpsideDown";
				IPHONEOS_DEPLOYMENT_TARGET = 15.0;
				LD_RUNPATH_SEARCH_PATHS = (
					"$(inherited)",
					"@executable_path/Frameworks",
				);
				MARKETING_VERSION = 1.0;
				PRODUCT_BUNDLE_IDENTIFIER = com.entretien.Starter;
				PRODUCT_NAME = "$(TARGET_NAME)";
				SWIFT_EMIT_LOC_STRINGS = YES;
				SWIFT_VERSION = 5.0;
				TARGETED_DEVICE_FAMILY = "1,2";
			};
			name = Release;
		};
		D2D46D15293E2DB30036A2CC /* Debug */ = {
			isa = XCBuildConfiguration;
			baseConfigurationReference = 567E18561A0BBBA01B13A42F /* Pods-StarterTests.debug.xcconfig */;
			buildSettings = {
				ALWAYS_EMBED_SWIFT_STANDARD_LIBRARIES = YES;
				BUNDLE_LOADER = "$(TEST_HOST)";
				CODE_SIGN_STYLE = Automatic;
				CURRENT_PROJECT_VERSION = 1;
				GENERATE_INFOPLIST_FILE = YES;
				IPHONEOS_DEPLOYMENT_TARGET = 15.0;
				MARKETING_VERSION = 1.0;
				PRODUCT_BUNDLE_IDENTIFIER = com.entretien.StarterTests;
				PRODUCT_NAME = "$(TARGET_NAME)";
				SWIFT_EMIT_LOC_STRINGS = NO;
				SWIFT_VERSION = 5.0;
				TARGETED_DEVICE_FAMILY = "1,2";
				TEST_HOST = "$(BUILT_PRODUCTS_DIR)/Starter.app/$(BUNDLE_EXECUTABLE_FOLDER_PATH)/Starter";
			};
			name = Debug;
		};
		D2D46D16293E2DB30036A2CC /* Release */ = {
			isa = XCBuildConfiguration;
			baseConfigurationReference = F735AB58B834F8BB077366E3 /* Pods-StarterTests.release.xcconfig */;
			buildSettings = {
				ALWAYS_EMBED_SWIFT_STANDARD_LIBRARIES = YES;
				BUNDLE_LOADER = "$(TEST_HOST)";
				CODE_SIGN_STYLE = Automatic;
				CURRENT_PROJECT_VERSION = 1;
				GENERATE_INFOPLIST_FILE = YES;
				IPHONEOS_DEPLOYMENT_TARGET = 15.0;
				MARKETING_VERSION = 1.0;
				PRODUCT_BUNDLE_IDENTIFIER = com.entretien.StarterTests;
				PRODUCT_NAME = "$(TARGET_NAME)";
				SWIFT_EMIT_LOC_STRINGS = NO;
				SWIFT_VERSION = 5.0;
				TARGETED_DEVICE_FAMILY = "1,2";
				TEST_HOST = "$(BUILT_PRODUCTS_DIR)/Starter.app/$(BUNDLE_EXECUTABLE_FOLDER_PATH)/Starter";
			};
			name = Release;
		};
		D2D46D18293E2DB30036A2CC /* Debug */ = {
			isa = XCBuildConfiguration;
			baseConfigurationReference = A0B5A8B5A07CAE489B05BDEE /* Pods-Starter-StarterUITests.debug.xcconfig */;
			buildSettings = {
				ALWAYS_EMBED_SWIFT_STANDARD_LIBRARIES = "$(inherited)";
				CODE_SIGN_STYLE = Automatic;
				CURRENT_PROJECT_VERSION = 1;
				GENERATE_INFOPLIST_FILE = YES;
				MARKETING_VERSION = 1.0;
				PRODUCT_BUNDLE_IDENTIFIER = com.entretien.StarterUITests;
				PRODUCT_NAME = "$(TARGET_NAME)";
				SWIFT_EMIT_LOC_STRINGS = NO;
				SWIFT_VERSION = 5.0;
				TARGETED_DEVICE_FAMILY = "1,2";
				TEST_TARGET_NAME = Starter;
			};
			name = Debug;
		};
		D2D46D19293E2DB30036A2CC /* Release */ = {
			isa = XCBuildConfiguration;
			baseConfigurationReference = 01E5DA6E7CAB23BFEC1E2F72 /* Pods-Starter-StarterUITests.release.xcconfig */;
			buildSettings = {
				ALWAYS_EMBED_SWIFT_STANDARD_LIBRARIES = "$(inherited)";
				CODE_SIGN_STYLE = Automatic;
				CURRENT_PROJECT_VERSION = 1;
				GENERATE_INFOPLIST_FILE = YES;
				MARKETING_VERSION = 1.0;
				PRODUCT_BUNDLE_IDENTIFIER = com.entretien.StarterUITests;
				PRODUCT_NAME = "$(TARGET_NAME)";
				SWIFT_EMIT_LOC_STRINGS = NO;
				SWIFT_VERSION = 5.0;
				TARGETED_DEVICE_FAMILY = "1,2";
				TEST_TARGET_NAME = Starter;
			};
			name = Release;
		};
/* End XCBuildConfiguration section */

/* Begin XCConfigurationList section */
		D2D46CE2293E2DB00036A2CC /* Build configuration list for PBXProject "Starter" */ = {
			isa = XCConfigurationList;
			buildConfigurations = (
				D2D46D0F293E2DB30036A2CC /* Debug */,
				D2D46D10293E2DB30036A2CC /* Release */,
			);
			defaultConfigurationIsVisible = 0;
			defaultConfigurationName = Release;
		};
		D2D46D11293E2DB30036A2CC /* Build configuration list for PBXNativeTarget "Starter" */ = {
			isa = XCConfigurationList;
			buildConfigurations = (
				D2D46D12293E2DB30036A2CC /* Debug */,
				D2D46D13293E2DB30036A2CC /* Release */,
			);
			defaultConfigurationIsVisible = 0;
			defaultConfigurationName = Release;
		};
		D2D46D14293E2DB30036A2CC /* Build configuration list for PBXNativeTarget "StarterTests" */ = {
			isa = XCConfigurationList;
			buildConfigurations = (
				D2D46D15293E2DB30036A2CC /* Debug */,
				D2D46D16293E2DB30036A2CC /* Release */,
			);
			defaultConfigurationIsVisible = 0;
			defaultConfigurationName = Release;
		};
		D2D46D17293E2DB30036A2CC /* Build configuration list for PBXNativeTarget "StarterUITests" */ = {
			isa = XCConfigurationList;
			buildConfigurations = (
				D2D46D18293E2DB30036A2CC /* Debug */,
				D2D46D19293E2DB30036A2CC /* Release */,
			);
			defaultConfigurationIsVisible = 0;
			defaultConfigurationName = Release;
		};
/* End XCConfigurationList section */
	};
	rootObject = D2D46CDF293E2DB00036A2CC /* Project object */;
}
